
Microsoft Visual Studio Solution File, Format Version 12.00
# Visual Studio Version 17
VisualStudioVersion = 17.10.35027.167
MinimumVisualStudioVersion = 10.0.40219.1
Project("{FAE04EC0-301F-11D3-BF4B-00C04F79EFBC}") = "Salary Slip Advanced", "Salary Slip Advanced\Salary Slip Advanced.csproj", "{D20B0B0D-A815-42C8-89EC-7959177D7979}"
EndProject
Project("{FAE04EC0-301F-11D3-BF4B-00C04F79EFBC}") = "Without_Inheritance", "Without_Inheritance\Without_Inheritance.csproj", "{7BB041F8-F476-4EC3-9E4C-7099128B1C0A}"
EndProject
Project("{FAE04EC0-301F-11D3-BF4B-00C04F79EFBC}") = "With_Inheritance", "With_Inheritance\With_Inheritance.csproj", "{718A3465-0052-4967-AC22-4A793DEE046A}"
EndProject
Global
	GlobalSection(SolutionConfigurationPlatforms) = preSolution
		Debug|Any CPU = Debug|Any CPU
		Release|Any CPU = Release|Any CPU
	EndGlobalSection
	GlobalSection(ProjectConfigurationPlatforms) = postSolution
		{D20B0B0D-A815-42C8-89EC-7959177D7979}.Debug|Any CPU.ActiveCfg = Debug|Any CPU
		{D20B0B0D-A815-42C8-89EC-7959177D7979}.Debug|Any CPU.Build.0 = Debug|Any CPU
		{D20B0B0D-A815-42C8-89EC-7959177D7979}.Release|Any CPU.ActiveCfg = Release|Any CPU
		{D20B0B0D-A815-42C8-89EC-7959177D7979}.Release|Any CPU.Build.0 = Release|Any CPU
		{7BB041F8-F476-4EC3-9E4C-7099128B1C0A}.Debug|Any CPU.ActiveCfg = Debug|Any CPU
		{7BB041F8-F476-4EC3-9E4C-7099128B1C0A}.Debug|Any CPU.Build.0 = Debug|Any CPU
		{7BB041F8-F476-4EC3-9E4C-7099128B1C0A}.Release|Any CPU.ActiveCfg = Release|Any CPU
		{7BB041F8-F476-4EC3-9E4C-7099128B1C0A}.Release|Any CPU.Build.0 = Release|Any CPU
		{718A3465-0052-4967-AC22-4A793DEE046A}.Debug|Any CPU.ActiveCfg = Debug|Any CPU
		{718A3465-0052-4967-AC22-4A793DEE046A}.Debug|Any CPU.Build.0 = Debug|Any CPU
		{718A3465-0052-4967-AC22-4A793DEE046A}.Release|Any CPU.ActiveCfg = Release|Any CPU
		{718A3465-0052-4967-AC22-4A793DEE046A}.Release|Any CPU.Build.0 = Release|Any CPU
	EndGlobalSection
	GlobalSection(SolutionProperties) = preSolution
		HideSolutionNode = FALSE
	EndGlobalSection
	GlobalSection(ExtensibilityGlobals) = postSolution
		SolutionGuid = {D607D244-3614-474C-B341-DD29B7FEC750}
	EndGlobalSection
EndGlobal
